<?xml version="1.0" encoding="utf-8"?>
<Project ToolsVersion="4.0" xmlns="http://schemas.microsoft.com/developer/msbuild/2003">
  <ItemGroup>
    <Filter Include="Sim_Node">
      <UniqueIdentifier>{09022d40-6506-428a-acbe-17092c95ea1d}</UniqueIdentifier>
    </Filter>
    <Filter Include="Sim_Node\Header Files">
      <UniqueIdentifier>{c7fdeaf9-239e-47b0-9fb5-4cd3b5e812e0}</UniqueIdentifier>
    </Filter>
    <Filter Include="Sim_Node\Source Files">
      <UniqueIdentifier>{3952090c-303d-493a-8269-37852fef6e95}</UniqueIdentifier>
    </Filter>
    <Filter Include="Sim_Output">
      <UniqueIdentifier>{4929dae8-ae7e-4947-b8b1-6ee7eeedf1cf}</UniqueIdentifier>
    </Filter>
    <Filter Include="Sim_Output\Header Files">
      <UniqueIdentifier>{d56884cb-5468-47ed-881d-4535e3bffeae}</UniqueIdentifier>
    </Filter>
    <Filter Include="Sim_Output\Source Files">
      <UniqueIdentifier>{3eaea4ef-4b07-43e3-83f7-8786b5630925}</UniqueIdentifier>
    </Filter>
    <Filter Include="Sim_Travel">
      <UniqueIdentifier>{cdfb895f-32b1-4999-8a41-f89345392668}</UniqueIdentifier>
    </Filter>
    <Filter Include="Sim_Travel\Header Files">
      <UniqueIdentifier>{4b93a56f-b75c-45b0-aada-2d7c8a368256}</UniqueIdentifier>
    </Filter>
    <Filter Include="Sim_Travel\Source Files">
      <UniqueIdentifier>{227f8b24-7aa3-426d-948d-b5c431e77d74}</UniqueIdentifier>
    </Filter>
    <Filter Include="Service">
      <UniqueIdentifier>{80be3116-a5db-4e4d-b6ee-ff7be0d5b12a}</UniqueIdentifier>
    </Filter>
    <Filter Include="Service\Header Files">
      <UniqueIdentifier>{eebc027a-78ff-4092-97a1-5ad0b76067cc}</UniqueIdentifier>
    </Filter>
    <Filter Include="Service\Source Files">
      <UniqueIdentifier>{f36f5f63-b8bb-4767-8a8d-1a0e357921e2}</UniqueIdentifier>
    </Filter>
    <Filter Include="Sim_Plan">
      <UniqueIdentifier>{40b82993-500c-41fc-9071-a55985cbb1d8}</UniqueIdentifier>
    </Filter>
    <Filter Include="Sim_Plan\Source Files">
      <UniqueIdentifier>{eb5c7caf-f007-46eb-91f0-709bd0d10d12}</UniqueIdentifier>
    </Filter>
    <Filter Include="Sim_Plan\Header Files">
      <UniqueIdentifier>{ff1cff27-b594-4ae2-abd8-ea3c76ad2145}</UniqueIdentifier>
    </Filter>
    <Filter Include="Sim_Update">
      <UniqueIdentifier>{a8c32566-7bec-4ae0-a79d-6560fcf8ba3c}</UniqueIdentifier>
    </Filter>
    <Filter Include="Sim_Update\Header files">
      <UniqueIdentifier>{d7a6f701-8523-4deb-90a1-bee53a1a0e2e}</UniqueIdentifier>
    </Filter>
    <Filter Include="Sim_Update\Source_Files">
      <UniqueIdentifier>{32d581c5-c550-4f34-a749-26202d90f2d9}</UniqueIdentifier>
    </Filter>
  </ItemGroup>
  <ItemGroup>
    <ClInclude Include="..\Include\Sim_Node_Process.hpp">
      <Filter>Sim_Node\Header Files</Filter>
    </ClInclude>
    <ClInclude Include="..\Include\Sim_Node_Step.hpp">
      <Filter>Sim_Node\Header Files</Filter>
    </ClInclude>
    <ClInclude Include="..\Include\Event_Output.hpp">
      <Filter>Sim_Output\Header Files</Filter>
    </ClInclude>
    <ClInclude Include="..\Include\Link_Delay_Output.hpp">
      <Filter>Sim_Output\Header Files</Filter>
    </ClInclude>
    <ClInclude Include="..\Include\Occupancy_Output.hpp">
      <Filter>Sim_Output\Header Files</Filter>
    </ClInclude>
    <ClInclude Include="..\Include\Performance_Output.hpp">
      <Filter>Sim_Output\Header Files</Filter>
    </ClInclude>
    <ClInclude Include="..\Include\Problem_Output.hpp">
      <Filter>Sim_Output\Header Files</Filter>
    </ClInclude>
    <ClInclude Include="..\Include\Sim_Output_Step.hpp">
      <Filter>Sim_Output\Header Files</Filter>
    </ClInclude>
    <ClInclude Include="..\Include\Snapshot_Output.hpp">
      <Filter>Sim_Output\Header Files</Filter>
    </ClInclude>
    <ClInclude Include="..\Include\Traveler_Output.hpp">
      <Filter>Sim_Output\Header Files</Filter>
    </ClInclude>
    <ClInclude Include="..\Include\Turn_Vol_Output.hpp">
      <Filter>Sim_Output\Header Files</Filter>
    </ClInclude>
    <ClInclude Include="..\Include\Sim_Travel_Process.hpp">
      <Filter>Sim_Travel\Header Files</Filter>
    </ClInclude>
    <ClInclude Include="..\Include\Sim_Travel_Step.hpp">
      <Filter>Sim_Travel\Header Files</Filter>
    </ClInclude>
    <ClInclude Include="..\Include\Sim_Connection.hpp">
      <Filter>Service\Header Files</Filter>
    </ClInclude>
    <ClInclude Include="..\Include\Sim_Dir_Data.hpp">
      <Filter>Service\Header Files</Filter>
    </ClInclude>
    <ClInclude Include="..\Include\Sim_Parameters.hpp">
      <Filter>Service\Header Files</Filter>
    </ClInclude>
    <ClInclude Include="..\Include\Sim_Park_Data.hpp">
      <Filter>Service\Header Files</Filter>
    </ClInclude>
    <ClInclude Include="..\Include\Sim_Statistics.hpp">
      <Filter>Service\Header Files</Filter>
    </ClInclude>
    <ClInclude Include="..\Include\Sim_Stop_Data.hpp">
      <Filter>Service\Header Files</Filter>
    </ClInclude>
    <ClInclude Include="..\Include\Simulator_Service.hpp">
      <Filter>Service\Header Files</Filter>
    </ClInclude>
    <ClInclude Include="..\Include\Sim_Plan_Data.hpp">
      <Filter>Sim_Plan\Header Files</Filter>
    </ClInclude>
    <ClInclude Include="..\Include\Sim_Plan_Process.hpp">
      <Filter>Sim_Plan\Header Files</Filter>
    </ClInclude>
    <ClInclude Include="..\Include\Sim_Plan_Step.hpp">
      <Filter>Sim_Plan\Header Files</Filter>
    </ClInclude>
    <ClInclude Include="..\Include\Travel_Step.hpp">
      <Filter>Sim_Travel\Header Files</Filter>
    </ClInclude>
    <ClInclude Include="..\Include\Sim_Travel_Data.hpp">
      <Filter>Sim_Travel\Header Files</Filter>
    </ClInclude>
    <ClInclude Include="..\Include\Sim_Veh_Data.hpp">
      <Filter>Sim_Travel\Header Files</Filter>
    </ClInclude>
    <ClInclude Include="..\Include\Ridership_Output.hpp">
      <Filter>Sim_Output\Header Files</Filter>
    </ClInclude>
    <ClInclude Include="..\Include\Sim_Output_Data.hpp">
      <Filter>Sim_Output\Header Files</Filter>
    </ClInclude>
    <ClInclude Include="..\Include\Sim_Control_Update.hpp">
      <Filter>Sim_Update\Header files</Filter>
    </ClInclude>
    <ClInclude Include="..\Include\Sim_Network_Update.hpp">
      <Filter>Sim_Update\Header files</Filter>
    </ClInclude>
    <ClInclude Include="..\Include\Sim_Transit_Update.hpp">
      <Filter>Sim_Update\Header files</Filter>
    </ClInclude>
    <ClInclude Include="..\Include\Sim_Update_Step.hpp">
      <Filter>Sim_Update\Header files</Filter>
    </ClInclude>
    <ClInclude Include="..\Include\Sim_Update_Data.hpp">
      <Filter>Sim_Update\Header files</Filter>
    </ClInclude>
    <ClInclude Include="..\Include\Sim_Signal_Data.hpp">
      <Filter>Service\Header Files</Filter>
    </ClInclude>
  </ItemGroup>
  <ItemGroup>
    <ClCompile Include="Sim_Node\Cell_Use.cpp">
      <Filter>Sim_Node\Source Files</Filter>
    </ClCompile>
    <ClCompile Include="Sim_Node\Load_Vehicle.cpp">
      <Filter>Sim_Node\Source Files</Filter>
    </ClCompile>
    <ClCompile Include="Sim_Node\Node_Processing.cpp">
      <Filter>Sim_Node\Source Files</Filter>
    </ClCompile>
    <ClCompile Include="Sim_Node\Sim_Node_Process.cpp">
      <Filter>Sim_Node\Source Files</Filter>
    </ClCompile>
    <ClCompile Include="Sim_Node\Sim_Node_Step.cpp">
      <Filter>Sim_Node\Source Files</Filter>
    </ClCompile>
    <ClCompile Include="Sim_Output\Event_Output.cpp">
      <Filter>Sim_Output\Source Files</Filter>
    </ClCompile>
    <ClCompile Include="Sim_Output\Link_Delay_Output.cpp">
      <Filter>Sim_Output\Source Files</Filter>
    </ClCompile>
    <ClCompile Include="Sim_Output\Occupancy_Output.cpp">
      <Filter>Sim_Output\Source Files</Filter>
    </ClCompile>
    <ClCompile Include="Sim_Output\Performance_Output.cpp">
      <Filter>Sim_Output\Source Files</Filter>
    </ClCompile>
    <ClCompile Include="Sim_Output\Problem_Output.cpp">
      <Filter>Sim_Output\Source Files</Filter>
    </ClCompile>
    <ClCompile Include="Sim_Output\Ridership_Output.cpp">
      <Filter>Sim_Output\Source Files</Filter>
    </ClCompile>
    <ClCompile Include="Sim_Output\Sim_Output_Step.cpp">
      <Filter>Sim_Output\Source Files</Filter>
    </ClCompile>
    <ClCompile Include="Sim_Output\Snapshot_Output.cpp">
      <Filter>Sim_Output\Source Files</Filter>
    </ClCompile>
    <ClCompile Include="Sim_Output\Traveler_Output.cpp">
      <Filter>Sim_Output\Source Files</Filter>
    </ClCompile>
    <ClCompile Include="Sim_Output\Turn_Vol_Output.cpp">
      <Filter>Sim_Output\Source Files</Filter>
    </ClCompile>
    <ClCompile Include="Sim_Travel\Sim_Travel_Process.cpp">
      <Filter>Sim_Travel\Source Files</Filter>
    </ClCompile>
    <ClCompile Include="Sim_Travel\Sim_Travel_Step.cpp">
      <Filter>Sim_Travel\Source Files</Filter>
    </ClCompile>
    <ClCompile Include="Sim_Travel\Travel_Processing.cpp">
      <Filter>Sim_Travel\Source Files</Filter>
    </ClCompile>
    <ClCompile Include="Service\Control.cpp">
      <Filter>Service\Source Files</Filter>
    </ClCompile>
    <ClCompile Include="Service\Execute.cpp">
      <Filter>Service\Source Files</Filter>
    </ClCompile>
    <ClCompile Include="Service\Global_Data.cpp">
      <Filter>Service\Source Files</Filter>
    </ClCompile>
    <ClCompile Include="Service\Sim_Statistics.cpp">
      <Filter>Service\Source Files</Filter>
    </ClCompile>
    <ClCompile Include="Service\Simulator_Service.cpp">
      <Filter>Service\Source Files</Filter>
    </ClCompile>
    <ClCompile Include="Service\Transit_Plans.cpp">
      <Filter>Service\Source Files</Filter>
    </ClCompile>
    <ClCompile Include="Service\Transit_Vehicles.cpp">
      <Filter>Service\Source Files</Filter>
    </ClCompile>
    <ClCompile Include="Sim_Plan\Best_Lanes.cpp">
      <Filter>Sim_Plan\Source Files</Filter>
    </ClCompile>
    <ClCompile Include="Sim_Plan\First_Plan.cpp">
      <Filter>Sim_Plan\Source Files</Filter>
    </ClCompile>
    <ClCompile Include="Sim_Plan\Plan_Processing.cpp">
      <Filter>Sim_Plan\Source Files</Filter>
    </ClCompile>
    <ClCompile Include="Sim_Plan\Read_Plans.cpp">
      <Filter>Sim_Plan\Source Files</Filter>
    </ClCompile>
    <ClCompile Include="Sim_Plan\Sim_Plan_Process.cpp">
      <Filter>Sim_Plan\Source Files</Filter>
    </ClCompile>
    <ClCompile Include="Sim_Plan\Sim_Plan_Result.cpp">
      <Filter>Sim_Plan\Source Files</Filter>
    </ClCompile>
    <ClCompile Include="Sim_Plan\Sim_Plan_Step.cpp">
      <Filter>Sim_Plan\Source Files</Filter>
    </ClCompile>
    <ClCompile Include="Sim_Node\Check_Behind.cpp">
      <Filter>Sim_Node\Source Files</Filter>
    </ClCompile>
    <ClCompile Include="Sim_Travel\Travel_Update.cpp">
      <Filter>Sim_Travel\Source Files</Filter>
    </ClCompile>
    <ClCompile Include="Sim_Node\Output_Step.cpp">
      <Filter>Sim_Node\Source Files</Filter>
    </ClCompile>
    <ClCompile Include="Service\Sim_Parameters.cpp">
      <Filter>Service\Source Files</Filter>
    </ClCompile>
    <ClCompile Include="Sim_Node\Move_Vehicle.cpp">
      <Filter>Sim_Node\Source Files</Filter>
    </ClCompile>
    <ClCompile Include="Sim_Node\Lane_Change.cpp">
      <Filter>Sim_Node\Source Files</Filter>
    </ClCompile>
    <ClCompile Include="Sim_Output\Sim_Output_Data.cpp">
      <Filter>Sim_Output\Source Files</Filter>
    </ClCompile>
    <ClCompile Include="Sim_Update\Signal_Timing.cpp">
      <Filter>Sim_Update\Source_Files</Filter>
    </ClCompile>
    <ClCompile Include="Sim_Update\Sim_Control_Update.cpp">
      <Filter>Sim_Update\Source_Files</Filter>
    </ClCompile>
    <ClCompile Include="Sim_Update\Sim_Network_Update.cpp">
      <Filter>Sim_Update\Source_Files</Filter>
    </ClCompile>
    <ClCompile Include="Sim_Update\Sim_Transit_Update.cpp">
      <Filter>Sim_Update\Source_Files</Filter>
    </ClCompile>
    <ClCompile Include="Sim_Update\Sim_Update_Data.cpp">
      <Filter>Sim_Update\Source_Files</Filter>
    </ClCompile>
    <ClCompile Include="Sim_Update\Sim_Update_Step.cpp">
      <Filter>Sim_Update\Source_Files</Filter>
    </ClCompile>
    <ClCompile Include="Sim_Update\Traffic_Control.cpp">
      <Filter>Sim_Update\Source_Files</Filter>
    </ClCompile>
    <ClCompile Include="Sim_Update\Check_Detector.cpp">
      <Filter>Sim_Update\Source_Files</Filter>
    </ClCompile>
  </ItemGroup>
</Project>