<?xml version="1.0" encoding="utf-8"?>
<Project ToolsVersion="4.0" xmlns="http://schemas.microsoft.com/developer/msbuild/2003">
  <ItemGroup>
    <Filter Include="Source Files">
      <UniqueIdentifier>{4FC737F1-C7A5-4376-A066-2A32D752A2FF}</UniqueIdentifier>
      <Extensions>cpp;c;cc;cxx;def;odl;idl;hpj;bat;asm;asmx</Extensions>
    </Filter>
    <Filter Include="Header Files">
      <UniqueIdentifier>{93995380-89BD-4b04-88EB-625FBE52EBFB}</UniqueIdentifier>
      <Extensions>h;hpp;hxx;hm;inl;inc;xsd</Extensions>
    </Filter>
  </ItemGroup>
  <ItemGroup>
    <ClCompile Include="Bearing_Update.cpp">
      <Filter>Source Files</Filter>
    </ClCompile>
    <ClCompile Include="Check_Intersections.cpp">
      <Filter>Source Files</Filter>
    </ClCompile>
    <ClCompile Include="Closest_Zone.cpp">
      <Filter>Source Files</Filter>
    </ClCompile>
    <ClCompile Include="Collapse_Nodes.cpp">
      <Filter>Source Files</Filter>
    </ClCompile>
    <ClCompile Include="Compare_Links.cpp">
      <Filter>Source Files</Filter>
    </ClCompile>
    <ClCompile Include="Control.cpp">
      <Filter>Source Files</Filter>
    </ClCompile>
    <ClCompile Include="Delete_Link.cpp">
      <Filter>Source Files</Filter>
    </ClCompile>
    <ClCompile Include="Drop_Links.cpp">
      <Filter>Source Files</Filter>
    </ClCompile>
    <ClCompile Include="Execute.cpp">
      <Filter>Source Files</Filter>
    </ClCompile>
    <ClCompile Include="Get_Link_Data.cpp">
      <Filter>Source Files</Filter>
    </ClCompile>
    <ClCompile Include="Get_Node_Data.cpp">
      <Filter>Source Files</Filter>
    </ClCompile>
    <ClCompile Include="Input_Links.cpp">
      <Filter>Source Files</Filter>
    </ClCompile>
    <ClCompile Include="Input_Nodes.cpp">
      <Filter>Source Files</Filter>
    </ClCompile>
    <ClCompile Include="Input_Routes.cpp">
      <Filter>Source Files</Filter>
    </ClCompile>
    <ClCompile Include="Input_SpdCap.cpp">
      <Filter>Source Files</Filter>
    </ClCompile>
    <ClCompile Include="Input_Zones.cpp">
      <Filter>Source Files</Filter>
    </ClCompile>
    <ClCompile Include="Local_Spacing.cpp">
      <Filter>Source Files</Filter>
    </ClCompile>
    <ClCompile Include="Local_Thru_Links.cpp">
      <Filter>Source Files</Filter>
    </ClCompile>
    <ClCompile Include="NetPrep.cpp">
      <Filter>Source Files</Filter>
    </ClCompile>
    <ClCompile Include="Node_List.cpp">
      <Filter>Source Files</Filter>
    </ClCompile>
    <ClCompile Include="Node_Types.cpp">
      <Filter>Source Files</Filter>
    </ClCompile>
    <ClCompile Include="Put_Link_Data.cpp">
      <Filter>Source Files</Filter>
    </ClCompile>
    <ClCompile Include="Put_Node_Data.cpp">
      <Filter>Source Files</Filter>
    </ClCompile>
    <ClCompile Include="Put_Shape_Data.cpp">
      <Filter>Source Files</Filter>
    </ClCompile>
    <ClCompile Include="Save_Route.cpp">
      <Filter>Source Files</Filter>
    </ClCompile>
    <ClCompile Include="Select_Best.cpp">
      <Filter>Source Files</Filter>
    </ClCompile>
    <ClCompile Include="Short_Links.cpp">
      <Filter>Source Files</Filter>
    </ClCompile>
    <ClCompile Include="Space_Processing.cpp">
      <Filter>Source Files</Filter>
    </ClCompile>
    <ClCompile Include="Split_Loops.cpp">
      <Filter>Source Files</Filter>
    </ClCompile>
    <ClCompile Include="Thru_Links.cpp">
      <Filter>Source Files</Filter>
    </ClCompile>
    <ClCompile Include="Trace_Links.cpp">
      <Filter>Source Files</Filter>
    </ClCompile>
    <ClCompile Include="Write_Link_Nodes.cpp">
      <Filter>Source Files</Filter>
    </ClCompile>
    <ClCompile Include="Read_Scripts.cpp">
      <Filter>Source Files</Filter>
    </ClCompile>
    <ClCompile Include="Correct_Shapes.cpp">
      <Filter>Source Files</Filter>
    </ClCompile>
  </ItemGroup>
  <ItemGroup>
    <ClInclude Include="..\Include\NetPrep.hpp">
      <Filter>Header Files</Filter>
    </ClInclude>
  </ItemGroup>
</Project>