<?xml version="1.0" encoding="utf-8"?>
<Project ToolsVersion="4.0" xmlns="http://schemas.microsoft.com/developer/msbuild/2003">
  <ItemGroup>
    <Filter Include="Path_Builder">
      <UniqueIdentifier>{d46ba0c8-cc41-4dce-8b08-6c98ae51286a}</UniqueIdentifier>
    </Filter>
    <Filter Include="Path_Builder\Header Files">
      <UniqueIdentifier>{affa9f34-4569-4b37-8280-951900bbcb22}</UniqueIdentifier>
    </Filter>
    <Filter Include="Path_Builder\Source Files">
      <UniqueIdentifier>{47bbd366-707a-4f61-937b-c723170138c3}</UniqueIdentifier>
    </Filter>
    <Filter Include="Service">
      <UniqueIdentifier>{b87fdd2d-9c8a-4f57-b095-29119cc4e154}</UniqueIdentifier>
    </Filter>
    <Filter Include="Service\Header Files">
      <UniqueIdentifier>{93995380-89BD-4b04-88EB-625FBE52EBFB}</UniqueIdentifier>
      <Extensions>h;hpp;hxx;hm;inl;inc;xsd</Extensions>
    </Filter>
    <Filter Include="Service\Source Files">
      <UniqueIdentifier>{4FC737F1-C7A5-4376-A066-2A32D752A2FF}</UniqueIdentifier>
      <Extensions>cpp;c;cc;cxx;def;odl;idl;hpj;bat;asm;asmx</Extensions>
    </Filter>
  </ItemGroup>
  <ItemGroup>
    <ClInclude Include="..\Include\Lot_XY_Data.hpp">
      <Filter>Path_Builder\Header Files</Filter>
    </ClInclude>
    <ClInclude Include="..\Include\One_To_Many.hpp">
      <Filter>Path_Builder\Header Files</Filter>
    </ClInclude>
    <ClInclude Include="..\Include\Path_Builder.hpp">
      <Filter>Path_Builder\Header Files</Filter>
    </ClInclude>
    <ClInclude Include="..\Include\Path_Data.hpp">
      <Filter>Path_Builder\Header Files</Filter>
    </ClInclude>
    <ClInclude Include="..\Include\Path_Parameters.hpp">
      <Filter>Path_Builder\Header Files</Filter>
    </ClInclude>
    <ClInclude Include="..\Include\Route_Stop_Data.hpp">
      <Filter>Path_Builder\Header Files</Filter>
    </ClInclude>
    <ClInclude Include="..\Include\Transit_Sort.hpp">
      <Filter>Path_Builder\Header Files</Filter>
    </ClInclude>
    <ClInclude Include="..\Include\Trip_End_Data.hpp">
      <Filter>Path_Builder\Header Files</Filter>
    </ClInclude>
    <ClInclude Include="..\Include\Plan_Processor.hpp">
      <Filter>Service\Header Files</Filter>
    </ClInclude>
    <ClInclude Include="..\Include\Router_Service.hpp">
      <Filter>Service\Header Files</Filter>
    </ClInclude>
    <ClInclude Include="..\Include\Skim_Processor.hpp">
      <Filter>Service\Header Files</Filter>
    </ClInclude>
  </ItemGroup>
  <ItemGroup>
    <ClCompile Include="Path_Builder\Array_Processing.cpp">
      <Filter>Path_Builder\Source Files</Filter>
    </ClCompile>
    <ClCompile Include="Path_Builder\Best_Destination.cpp">
      <Filter>Path_Builder\Source Files</Filter>
    </ClCompile>
    <ClCompile Include="Path_Builder\Best_Lane_Use.cpp">
      <Filter>Path_Builder\Source Files</Filter>
    </ClCompile>
    <ClCompile Include="Path_Builder\Build_Path.cpp">
      <Filter>Path_Builder\Source Files</Filter>
    </ClCompile>
    <ClCompile Include="Path_Builder\Drive_Path.cpp">
      <Filter>Path_Builder\Source Files</Filter>
    </ClCompile>
    <ClCompile Include="Path_Builder\Drive_Plan.cpp">
      <Filter>Path_Builder\Source Files</Filter>
    </ClCompile>
    <ClCompile Include="Path_Builder\Drive_Transit.cpp">
      <Filter>Path_Builder\Source Files</Filter>
    </ClCompile>
    <ClCompile Include="Path_Builder\Location_Access.cpp">
      <Filter>Path_Builder\Source Files</Filter>
    </ClCompile>
    <ClCompile Include="Path_Builder\Magic_Move.cpp">
      <Filter>Path_Builder\Source Files</Filter>
    </ClCompile>
    <ClCompile Include="Path_Builder\Node_Path.cpp">
      <Filter>Path_Builder\Source Files</Filter>
    </ClCompile>
    <ClCompile Include="Path_Builder\Node_Plan.cpp">
      <Filter>Path_Builder\Source Files</Filter>
    </ClCompile>
    <ClCompile Include="Path_Builder\Parking_Access.cpp">
      <Filter>Path_Builder\Source Files</Filter>
    </ClCompile>
    <ClCompile Include="Path_Builder\Parking_Update.cpp">
      <Filter>Path_Builder\Source Files</Filter>
    </ClCompile>
    <ClCompile Include="Path_Builder\Path_Builder.cpp">
      <Filter>Path_Builder\Source Files</Filter>
    </ClCompile>
    <ClCompile Include="Path_Builder\Plan_Build.cpp">
      <Filter>Path_Builder\Source Files</Filter>
    </ClCompile>
    <ClCompile Include="Path_Builder\Plan_Flow.cpp">
      <Filter>Path_Builder\Source Files</Filter>
    </ClCompile>
    <ClCompile Include="Path_Builder\Plan_ReRoute.cpp">
      <Filter>Path_Builder\Source Files</Filter>
    </ClCompile>
    <ClCompile Include="Path_Builder\Plan_Update.cpp">
      <Filter>Path_Builder\Source Files</Filter>
    </ClCompile>
    <ClCompile Include="Path_Builder\Save_Skims.cpp">
      <Filter>Path_Builder\Source Files</Filter>
    </ClCompile>
    <ClCompile Include="Path_Builder\Skim_Build.cpp">
      <Filter>Path_Builder\Source Files</Filter>
    </ClCompile>
    <ClCompile Include="Path_Builder\Stop_Alight.cpp">
      <Filter>Path_Builder\Source Files</Filter>
    </ClCompile>
    <ClCompile Include="Path_Builder\Stop_Board.cpp">
      <Filter>Path_Builder\Source Files</Filter>
    </ClCompile>
    <ClCompile Include="Path_Builder\Trace_Path.cpp">
      <Filter>Path_Builder\Source Files</Filter>
    </ClCompile>
    <ClCompile Include="Path_Builder\Transit_Access.cpp">
      <Filter>Path_Builder\Source Files</Filter>
    </ClCompile>
    <ClCompile Include="Path_Builder\Transit_Parking.cpp">
      <Filter>Path_Builder\Source Files</Filter>
    </ClCompile>
    <ClCompile Include="Path_Builder\Transit_Path.cpp">
      <Filter>Path_Builder\Source Files</Filter>
    </ClCompile>
    <ClCompile Include="Path_Builder\Transit_Plan.cpp">
      <Filter>Path_Builder\Source Files</Filter>
    </ClCompile>
    <ClCompile Include="Path_Builder\Walk_Access.cpp">
      <Filter>Path_Builder\Source Files</Filter>
    </ClCompile>
    <ClCompile Include="Service\Control.cpp">
      <Filter>Service\Source Files</Filter>
    </ClCompile>
    <ClCompile Include="Service\Execute.cpp">
      <Filter>Service\Source Files</Filter>
    </ClCompile>
    <ClCompile Include="Service\Get_Household_Data.cpp">
      <Filter>Service\Source Files</Filter>
    </ClCompile>
    <ClCompile Include="Service\Plan_Processor.cpp">
      <Filter>Service\Source Files</Filter>
    </ClCompile>
    <ClCompile Include="Service\Router_Service.cpp">
      <Filter>Service\Source Files</Filter>
    </ClCompile>
    <ClCompile Include="Service\Set_Parameters.cpp">
      <Filter>Service\Source Files</Filter>
    </ClCompile>
    <ClCompile Include="Service\Skim_Processor.cpp">
      <Filter>Service\Source Files</Filter>
    </ClCompile>
  </ItemGroup>
</Project>