<?xml version="1.0" encoding="utf-8"?>
<Project ToolsVersion="4.0" xmlns="http://schemas.microsoft.com/developer/msbuild/2003">
  <ItemGroup>
    <Filter Include="Source Files">
      <UniqueIdentifier>{4FC737F1-C7A5-4376-A066-2A32D752A2FF}</UniqueIdentifier>
      <Extensions>cpp;c;cc;cxx;def;odl;idl;hpj;bat;asm;asmx</Extensions>
    </Filter>
    <Filter Include="Header Files">
      <UniqueIdentifier>{93995380-89BD-4b04-88EB-625FBE52EBFB}</UniqueIdentifier>
      <Extensions>h;hpp;hxx;hm;inl;inc;xsd</Extensions>
    </Filter>
  </ItemGroup>
  <ItemGroup>
    <ClCompile Include="Control.cpp">
      <Filter>Source Files</Filter>
    </ClCompile>
    <ClCompile Include="Execute.cpp">
      <Filter>Source Files</Filter>
    </ClCompile>
    <ClCompile Include="Line_Group_Report.cpp">
      <Filter>Source Files</Filter>
    </ClCompile>
    <ClCompile Include="Line_Sum_Report.cpp">
      <Filter>Source Files</Filter>
    </ClCompile>
    <ClCompile Include="RiderSum.cpp">
      <Filter>Source Files</Filter>
    </ClCompile>
    <ClCompile Include="Setup_Riders.cpp">
      <Filter>Source Files</Filter>
    </ClCompile>
    <ClCompile Include="Stop_Group_Report.cpp">
      <Filter>Source Files</Filter>
    </ClCompile>
    <ClCompile Include="Stop_Sum_Report.cpp">
      <Filter>Source Files</Filter>
    </ClCompile>
    <ClCompile Include="Sum_Riders.cpp">
      <Filter>Source Files</Filter>
    </ClCompile>
    <ClCompile Include="Stop_Run_Report.cpp">
      <Filter>Source Files</Filter>
    </ClCompile>
    <ClCompile Include="Stop_Route_Report.cpp">
      <Filter>Source Files</Filter>
    </ClCompile>
    <ClCompile Include="Write_Stop_Route.cpp">
      <Filter>Source Files</Filter>
    </ClCompile>
    <ClCompile Include="Write_Line_Rider.cpp">
      <Filter>Source Files</Filter>
    </ClCompile>
    <ClCompile Include="Line_Rider_Report.cpp">
      <Filter>Source Files</Filter>
    </ClCompile>
    <ClCompile Include="Group_Rider_Report.cpp">
      <Filter>Source Files</Filter>
    </ClCompile>
    <ClCompile Include="Write_Group_Rider.cpp">
      <Filter>Source Files</Filter>
    </ClCompile>
    <ClCompile Include="Run_Selection.cpp">
      <Filter>Source Files</Filter>
    </ClCompile>
    <ClCompile Include="Link_Selection.cpp">
      <Filter>Source Files</Filter>
    </ClCompile>
    <ClCompile Include="Write_Stop_Profile.cpp">
      <Filter>Source Files</Filter>
    </ClCompile>
    <ClCompile Include="Write_Stop_Details.cpp">
      <Filter>Source Files</Filter>
    </ClCompile>
    <ClCompile Include="Write_Stop_Group.cpp">
      <Filter>Source Files</Filter>
    </ClCompile>
    <ClCompile Include="Write_Stop_Lines.cpp">
      <Filter>Source Files</Filter>
    </ClCompile>
    <ClCompile Include="Write_Stop_VehTypes.cpp">
      <Filter>Source Files</Filter>
    </ClCompile>
  </ItemGroup>
  <ItemGroup>
    <ClInclude Include="..\Include\RiderSum.hpp">
      <Filter>Header Files</Filter>
    </ClInclude>
  </ItemGroup>
</Project>