<?xml version="1.0" encoding="utf-8"?>
<Project ToolsVersion="4.0" xmlns="http://schemas.microsoft.com/developer/msbuild/2003">
  <ItemGroup>
    <Filter Include="Source Files">
      <UniqueIdentifier>{4FC737F1-C7A5-4376-A066-2A32D752A2FF}</UniqueIdentifier>
      <Extensions>cpp;c;cc;cxx;def;odl;idl;hpj;bat;asm;asmx</Extensions>
    </Filter>
    <Filter Include="Header Files">
      <UniqueIdentifier>{93995380-89BD-4b04-88EB-625FBE52EBFB}</UniqueIdentifier>
      <Extensions>h;hpp;hxx;hm;inl;inc;xsd</Extensions>
    </Filter>
  </ItemGroup>
  <ItemGroup>
    <ClCompile Include="Control.cpp">
      <Filter>Source Files</Filter>
    </ClCompile>
    <ClCompile Include="CountSum.cpp">
      <Filter>Source Files</Filter>
    </ClCompile>
    <ClCompile Include="Execute.cpp">
      <Filter>Source Files</Filter>
    </ClCompile>
    <ClCompile Include="Read_Points.cpp">
      <Filter>Source Files</Filter>
    </ClCompile>
    <ClCompile Include="Read_Detectors.cpp">
      <Filter>Source Files</Filter>
    </ClCompile>
    <ClCompile Include="Node_List.cpp">
      <Filter>Source Files</Filter>
    </ClCompile>
    <ClCompile Include="Read_Data.cpp">
      <Filter>Source Files</Filter>
    </ClCompile>
    <ClCompile Include="Read_Signal_Map.cpp">
      <Filter>Source Files</Filter>
    </ClCompile>
    <ClCompile Include="Combine_Data.cpp">
      <Filter>Source Files</Filter>
    </ClCompile>
    <ClCompile Include="Read_Link_Points.cpp">
      <Filter>Source Files</Filter>
    </ClCompile>
    <ClCompile Include="Read_Link_Map.cpp">
      <Filter>Source Files</Filter>
    </ClCompile>
    <ClCompile Include="Link_Extents.cpp">
      <Filter>Source Files</Filter>
    </ClCompile>
    <ClCompile Include="Write_Link_Map.cpp">
      <Filter>Source Files</Filter>
    </ClCompile>
  </ItemGroup>
  <ItemGroup>
    <ClInclude Include="..\Include\CountSum.hpp">
      <Filter>Header Files</Filter>
    </ClInclude>
  </ItemGroup>
</Project>