<?xml version="1.0" encoding="utf-8"?>
<Project ToolsVersion="4.0" xmlns="http://schemas.microsoft.com/developer/msbuild/2003">
  <ItemGroup>
    <Filter Include="Source Files">
      <UniqueIdentifier>{4FC737F1-C7A5-4376-A066-2A32D752A2FF}</UniqueIdentifier>
      <Extensions>cpp;c;cc;cxx;def;odl;idl;hpj;bat;asm;asmx</Extensions>
    </Filter>
    <Filter Include="Header Files">
      <UniqueIdentifier>{93995380-89BD-4b04-88EB-625FBE52EBFB}</UniqueIdentifier>
      <Extensions>h;hpp;hxx;hm;inl;inc;xsd</Extensions>
    </Filter>
  </ItemGroup>
  <ItemGroup>
    <ClCompile Include="Control.cpp">
      <Filter>Source Files</Filter>
    </ClCompile>
    <ClCompile Include="Execute.cpp">
      <Filter>Source Files</Filter>
    </ClCompile>
    <ClCompile Include="Gap_Report.cpp">
      <Filter>Source Files</Filter>
    </ClCompile>
    <ClCompile Include="Get_Location_Data.cpp">
      <Filter>Source Files</Filter>
    </ClCompile>
    <ClCompile Include="Group_Time.cpp">
      <Filter>Source Files</Filter>
    </ClCompile>
    <ClCompile Include="Link_Group.cpp">
      <Filter>Source Files</Filter>
    </ClCompile>
    <ClCompile Include="Link_Report.cpp">
      <Filter>Source Files</Filter>
    </ClCompile>
    <ClCompile Include="LinkSum.cpp">
      <Filter>Source Files</Filter>
    </ClCompile>
    <ClCompile Include="Perf_Report.cpp">
      <Filter>Source Files</Filter>
    </ClCompile>
    <ClCompile Include="Select_Links.cpp">
      <Filter>Source Files</Filter>
    </ClCompile>
    <ClCompile Include="Set_Link_Data.cpp">
      <Filter>Source Files</Filter>
    </ClCompile>
    <ClCompile Include="Set_Link_Dir.cpp">
      <Filter>Source Files</Filter>
    </ClCompile>
    <ClCompile Include="Time_Change.cpp">
      <Filter>Source Files</Filter>
    </ClCompile>
    <ClCompile Include="Time_Report.cpp">
      <Filter>Source Files</Filter>
    </ClCompile>
    <ClCompile Include="Top_100.cpp">
      <Filter>Source Files</Filter>
    </ClCompile>
    <ClCompile Include="Top_Ratios.cpp">
      <Filter>Source Files</Filter>
    </ClCompile>
    <ClCompile Include="VC_Report.cpp">
      <Filter>Source Files</Filter>
    </ClCompile>
    <ClCompile Include="Vol_Change.cpp">
      <Filter>Source Files</Filter>
    </ClCompile>
    <ClCompile Include="Write_Activity.cpp">
      <Filter>Source Files</Filter>
    </ClCompile>
    <ClCompile Include="Write_Group.cpp">
      <Filter>Source Files</Filter>
    </ClCompile>
    <ClCompile Include="Write_Link_Data.cpp">
      <Filter>Source Files</Filter>
    </ClCompile>
    <ClCompile Include="Write_Link_Dir.cpp">
      <Filter>Source Files</Filter>
    </ClCompile>
    <ClCompile Include="Write_Zone.cpp">
      <Filter>Source Files</Filter>
    </ClCompile>
    <ClCompile Include="Zone_Summary.cpp">
      <Filter>Source Files</Filter>
    </ClCompile>
    <ClCompile Include="Group_Report.cpp">
      <Filter>Source Files</Filter>
    </ClCompile>
    <ClCompile Include="Write_Turn_Data.cpp">
      <Filter>Source Files</Filter>
    </ClCompile>
    <ClCompile Include="Group_Sum_File.cpp">
      <Filter>Source Files</Filter>
    </ClCompile>
    <ClCompile Include="Summary_File.cpp">
      <Filter>Source Files</Filter>
    </ClCompile>
    <ClCompile Include="Perf_Summary.cpp">
      <Filter>Source Files</Filter>
    </ClCompile>
    <ClCompile Include="Group_Summary.cpp">
      <Filter>Source Files</Filter>
    </ClCompile>
<<<<<<< .working
    <ClCompile Include="Custom_Summaries.cpp">
      <Filter>Source Files</Filter>
    </ClCompile>
=======
    <ClCompile Include="Custom_Summaries.cpp">
      <Filter>Source Files</Filter>
    </ClCompile>
    <ClCompile Include="Compare_Links.cpp">
      <Filter>Source Files</Filter>
    </ClCompile>
    <ClCompile Include="Get_Performance_Data.cpp">
      <Filter>Source Files</Filter>
    </ClCompile>
>>>>>>> .merge-right.r1529
  </ItemGroup>
  <ItemGroup>
    <ClInclude Include="..\Include\LinkSum.hpp">
      <Filter>Header Files</Filter>
    </ClInclude>
  </ItemGroup>
</Project>